
Microsoft Visual Studio Solution File, Format Version 12.00
# Visual Studio Version 17
VisualStudioVersion = 17.6.33723.286
MinimumVisualStudioVersion = 10.0.40219.1
Project("{FAE04EC0-301F-11D3-BF4B-00C04F79EFBC}") = "VooltWebAPITest", "VooltWebAPITest\VooltWebAPITest.csproj", "{EF8AFE25-9C2F-4CBF-97A7-9D1994DE9BE9}"
EndProject
Global
	GlobalSection(SolutionConfigurationPlatforms) = preSolution
		Debug|Any CPU = Debug|Any CPU
		Release|Any CPU = Release|Any CPU
	EndGlobalSection
	GlobalSection(ProjectConfigurationPlatforms) = postSolution
		{EF8AFE25-9C2F-4CBF-97A7-9D1994DE9BE9}.Debug|Any CPU.ActiveCfg = Debug|Any CPU
		{EF8AFE25-9C2F-4CBF-97A7-9D1994DE9BE9}.Debug|Any CPU.Build.0 = Debug|Any CPU
		{EF8AFE25-9C2F-4CBF-97A7-9D1994DE9BE9}.Release|Any CPU.ActiveCfg = Release|Any CPU
		{EF8AFE25-9C2F-4CBF-97A7-9D1994DE9BE9}.Release|Any CPU.Build.0 = Release|Any CPU
	EndGlobalSection
	GlobalSection(SolutionProperties) = preSolution
		HideSolutionNode = FALSE
	EndGlobalSection
	GlobalSection(ExtensibilityGlobals) = postSolution
		SolutionGuid = {FA1B40C9-B485-4409-99E7-67C58348AFE4}
	EndGlobalSection
EndGlobal
